
Microsoft Visual Studio Solution File, Format Version 12.00
# Visual Studio Version 17
VisualStudioVersion = 17.4.33205.214
MinimumVisualStudioVersion = 10.0.40219.1
Project("{FAE04EC0-301F-11D3-BF4B-00C04F79EFBC}") = "SGE", "SGE.csproj", "{5BED2B26-0BEB-447D-BC13-A4624247E447}"
EndProject
Global
	GlobalSection(SolutionConfigurationPlatforms) = preSolution
		Debug|Any CPU = Debug|Any CPU
		Release|Any CPU = Release|Any CPU
	EndGlobalSection
	GlobalSection(ProjectConfigurationPlatforms) = postSolution
		{5BED2B26-0BEB-447D-BC13-A4624247E447}.Debug|Any CPU.ActiveCfg = Debug|Any CPU
		{5BED2B26-0BEB-447D-BC13-A4624247E447}.Debug|Any CPU.Build.0 = Debug|Any CPU
		{5BED2B26-0BEB-447D-BC13-A4624247E447}.Release|Any CPU.ActiveCfg = Release|Any CPU
		{5BED2B26-0BEB-447D-BC13-A4624247E447}.Release|Any CPU.Build.0 = Release|Any CPU
	EndGlobalSection
	GlobalSection(SolutionProperties) = preSolution
		HideSolutionNode = FALSE
	EndGlobalSection
	GlobalSection(ExtensibilityGlobals) = postSolution
		SolutionGuid = {7B71592A-1A35-4A2C-B12D-CC0DAAC4D575}
	EndGlobalSection
EndGlobal
